{
  "name": "node-demo",
  "version": "1.0.0",
  "lockfileVersion": 1,
  "requires": true,
  "dependencies": {
    "ejs": {
      "version": "file:ejs",
      "requires": {
        "formidable": "^1.2.1"
      },
      "dependencies": {
        "formidable": {
          "version": "1.2.1",
          "bundled": true
        }
      }
    },
    "node": {
      "version": "10.8.0",
      "resolved": "http://registry.npm.taobao.org/node/download/node-10.8.0.tgz",
      "integrity": "sha1-STpruiR77b3YFDuYjLgARPlNH3k=",
      "requires": {
        "node-bin-setup": "^1.0.0"
      }
    },
    "node-bin-setup": {
      "version": "1.0.6",
      "resolved": "http://registry.npm.taobao.org/node-bin-setup/download/node-bin-setup-1.0.6.tgz",
      "integrity": "sha1-S1ybuTfs5wLXBps2ynivRoRndSg="
    }
  }
}
